
Microsoft Visual Studio Solution File, Format Version 12.00
# Visual Studio 15
VisualStudioVersion = 15.0.26403.7
MinimumVisualStudioVersion = 10.0.40219.1
Project("{FAE04EC0-301F-11D3-BF4B-00C04F79EFBC}") = "StringFilter", "StringFilter\StringFilter.csproj", "{2A524B3C-74BD-4DE7-948D-2DA051C250E3}"
EndProject
Project("{FAE04EC0-301F-11D3-BF4B-00C04F79EFBC}") = "StringListTesting", "StringListTesting\StringListTesting.csproj", "{59D9C838-070C-4688-88F1-08A15763F419}"
EndProject
Global
	GlobalSection(SolutionConfigurationPlatforms) = preSolution
		Debug|Any CPU = Debug|Any CPU
		Release|Any CPU = Release|Any CPU
	EndGlobalSection
	GlobalSection(ProjectConfigurationPlatforms) = postSolution
		{2A524B3C-74BD-4DE7-948D-2DA051C250E3}.Debug|Any CPU.ActiveCfg = Debug|Any CPU
		{2A524B3C-74BD-4DE7-948D-2DA051C250E3}.Debug|Any CPU.Build.0 = Debug|Any CPU
		{2A524B3C-74BD-4DE7-948D-2DA051C250E3}.Release|Any CPU.ActiveCfg = Release|Any CPU
		{2A524B3C-74BD-4DE7-948D-2DA051C250E3}.Release|Any CPU.Build.0 = Release|Any CPU
		{59D9C838-070C-4688-88F1-08A15763F419}.Debug|Any CPU.ActiveCfg = Debug|Any CPU
		{59D9C838-070C-4688-88F1-08A15763F419}.Debug|Any CPU.Build.0 = Debug|Any CPU
		{59D9C838-070C-4688-88F1-08A15763F419}.Release|Any CPU.ActiveCfg = Release|Any CPU
		{59D9C838-070C-4688-88F1-08A15763F419}.Release|Any CPU.Build.0 = Release|Any CPU
	EndGlobalSection
	GlobalSection(SolutionProperties) = preSolution
		HideSolutionNode = FALSE
	EndGlobalSection
EndGlobal
